
Microsoft Visual Studio Solution File, Format Version 12.00
# Visual Studio Version 16
VisualStudioVersion = 16.0.30413.136
MinimumVisualStudioVersion = 10.0.40219.1
Project("{FAE04EC0-301F-11D3-BF4B-00C04F79EFBC}") = "UWP", "UWP\UWP.csproj", "{0444EAF9-6F25-493F-853C-2D066C145855}"
EndProject
Project("{FAE04EC0-301F-11D3-BF4B-00C04F79EFBC}") = "LibraryUWP", "LibraryUWP\LibraryUWP.csproj", "{313BF166-765F-4C20-8BF9-EAC75AA609E6}"
EndProject
Project("{FAE04EC0-301F-11D3-BF4B-00C04F79EFBC}") = "AzureFunction", "AzureFunction\AzureFunction.csproj", "{C595D0CD-7E9B-4A58-B3CB-5ED48F0CC046}"
EndProject
Global
	GlobalSection(SolutionConfigurationPlatforms) = preSolution
		Debug|Any CPU = Debug|Any CPU
		Debug|ARM = Debug|ARM
		Debug|ARM64 = Debug|ARM64
		Debug|x64 = Debug|x64
		Debug|x86 = Debug|x86
		Release|Any CPU = Release|Any CPU
		Release|ARM = Release|ARM
		Release|ARM64 = Release|ARM64
		Release|x64 = Release|x64
		Release|x86 = Release|x86
	EndGlobalSection
	GlobalSection(ProjectConfigurationPlatforms) = postSolution
		{0444EAF9-6F25-493F-853C-2D066C145855}.Debug|Any CPU.ActiveCfg = Debug|x86
		{0444EAF9-6F25-493F-853C-2D066C145855}.Debug|ARM.ActiveCfg = Debug|ARM
		{0444EAF9-6F25-493F-853C-2D066C145855}.Debug|ARM.Build.0 = Debug|ARM
		{0444EAF9-6F25-493F-853C-2D066C145855}.Debug|ARM.Deploy.0 = Debug|ARM
		{0444EAF9-6F25-493F-853C-2D066C145855}.Debug|ARM64.ActiveCfg = Debug|ARM64
		{0444EAF9-6F25-493F-853C-2D066C145855}.Debug|ARM64.Build.0 = Debug|ARM64
		{0444EAF9-6F25-493F-853C-2D066C145855}.Debug|ARM64.Deploy.0 = Debug|ARM64
		{0444EAF9-6F25-493F-853C-2D066C145855}.Debug|x64.ActiveCfg = Debug|x64
		{0444EAF9-6F25-493F-853C-2D066C145855}.Debug|x64.Build.0 = Debug|x64
		{0444EAF9-6F25-493F-853C-2D066C145855}.Debug|x64.Deploy.0 = Debug|x64
		{0444EAF9-6F25-493F-853C-2D066C145855}.Debug|x86.ActiveCfg = Debug|x86
		{0444EAF9-6F25-493F-853C-2D066C145855}.Debug|x86.Build.0 = Debug|x86
		{0444EAF9-6F25-493F-853C-2D066C145855}.Debug|x86.Deploy.0 = Debug|x86
		{0444EAF9-6F25-493F-853C-2D066C145855}.Release|Any CPU.ActiveCfg = Release|x86
		{0444EAF9-6F25-493F-853C-2D066C145855}.Release|ARM.ActiveCfg = Release|ARM
		{0444EAF9-6F25-493F-853C-2D066C145855}.Release|ARM.Build.0 = Release|ARM
		{0444EAF9-6F25-493F-853C-2D066C145855}.Release|ARM.Deploy.0 = Release|ARM
		{0444EAF9-6F25-493F-853C-2D066C145855}.Release|ARM64.ActiveCfg = Release|ARM64
		{0444EAF9-6F25-493F-853C-2D066C145855}.Release|ARM64.Build.0 = Release|ARM64
		{0444EAF9-6F25-493F-853C-2D066C145855}.Release|ARM64.Deploy.0 = Release|ARM64
		{0444EAF9-6F25-493F-853C-2D066C145855}.Release|x64.ActiveCfg = Release|x64
		{0444EAF9-6F25-493F-853C-2D066C145855}.Release|x64.Build.0 = Release|x64
		{0444EAF9-6F25-493F-853C-2D066C145855}.Release|x64.Deploy.0 = Release|x64
		{0444EAF9-6F25-493F-853C-2D066C145855}.Release|x86.ActiveCfg = Release|x86
		{0444EAF9-6F25-493F-853C-2D066C145855}.Release|x86.Build.0 = Release|x86
		{0444EAF9-6F25-493F-853C-2D066C145855}.Release|x86.Deploy.0 = Release|x86
		{313BF166-765F-4C20-8BF9-EAC75AA609E6}.Debug|Any CPU.ActiveCfg = Debug|Any CPU
		{313BF166-765F-4C20-8BF9-EAC75AA609E6}.Debug|Any CPU.Build.0 = Debug|Any CPU
		{313BF166-765F-4C20-8BF9-EAC75AA609E6}.Debug|ARM.ActiveCfg = Debug|ARM
		{313BF166-765F-4C20-8BF9-EAC75AA609E6}.Debug|ARM.Build.0 = Debug|ARM
		{313BF166-765F-4C20-8BF9-EAC75AA609E6}.Debug|ARM64.ActiveCfg = Debug|ARM64
		{313BF166-765F-4C20-8BF9-EAC75AA609E6}.Debug|ARM64.Build.0 = Debug|ARM64
		{313BF166-765F-4C20-8BF9-EAC75AA609E6}.Debug|x64.ActiveCfg = Debug|x64
		{313BF166-765F-4C20-8BF9-EAC75AA609E6}.Debug|x64.Build.0 = Debug|x64
		{313BF166-765F-4C20-8BF9-EAC75AA609E6}.Debug|x86.ActiveCfg = Debug|x86
		{313BF166-765F-4C20-8BF9-EAC75AA609E6}.Debug|x86.Build.0 = Debug|x86
		{313BF166-765F-4C20-8BF9-EAC75AA609E6}.Release|Any CPU.ActiveCfg = Release|Any CPU
		{313BF166-765F-4C20-8BF9-EAC75AA609E6}.Release|Any CPU.Build.0 = Release|Any CPU
		{313BF166-765F-4C20-8BF9-EAC75AA609E6}.Release|ARM.ActiveCfg = Release|ARM
		{313BF166-765F-4C20-8BF9-EAC75AA609E6}.Release|ARM.Build.0 = Release|ARM
		{313BF166-765F-4C20-8BF9-EAC75AA609E6}.Release|ARM64.ActiveCfg = Release|ARM64
		{313BF166-765F-4C20-8BF9-EAC75AA609E6}.Release|ARM64.Build.0 = Release|ARM64
		{313BF166-765F-4C20-8BF9-EAC75AA609E6}.Release|x64.ActiveCfg = Release|x64
		{313BF166-765F-4C20-8BF9-EAC75AA609E6}.Release|x64.Build.0 = Release|x64
		{313BF166-765F-4C20-8BF9-EAC75AA609E6}.Release|x86.ActiveCfg = Release|x86
		{313BF166-765F-4C20-8BF9-EAC75AA609E6}.Release|x86.Build.0 = Release|x86
		{C595D0CD-7E9B-4A58-B3CB-5ED48F0CC046}.Debug|Any CPU.ActiveCfg = Debug|Any CPU
		{C595D0CD-7E9B-4A58-B3CB-5ED48F0CC046}.Debug|Any CPU.Build.0 = Debug|Any CPU
		{C595D0CD-7E9B-4A58-B3CB-5ED48F0CC046}.Debug|ARM.ActiveCfg = Debug|Any CPU
		{C595D0CD-7E9B-4A58-B3CB-5ED48F0CC046}.Debug|ARM.Build.0 = Debug|Any CPU
		{C595D0CD-7E9B-4A58-B3CB-5ED48F0CC046}.Debug|ARM64.ActiveCfg = Debug|Any CPU
		{C595D0CD-7E9B-4A58-B3CB-5ED48F0CC046}.Debug|ARM64.Build.0 = Debug|Any CPU
		{C595D0CD-7E9B-4A58-B3CB-5ED48F0CC046}.Debug|x64.ActiveCfg = Debug|Any CPU
		{C595D0CD-7E9B-4A58-B3CB-5ED48F0CC046}.Debug|x64.Build.0 = Debug|Any CPU
		{C595D0CD-7E9B-4A58-B3CB-5ED48F0CC046}.Debug|x86.ActiveCfg = Debug|Any CPU
		{C595D0CD-7E9B-4A58-B3CB-5ED48F0CC046}.Debug|x86.Build.0 = Debug|Any CPU
		{C595D0CD-7E9B-4A58-B3CB-5ED48F0CC046}.Release|Any CPU.ActiveCfg = Release|Any CPU
		{C595D0CD-7E9B-4A58-B3CB-5ED48F0CC046}.Release|Any CPU.Build.0 = Release|Any CPU
		{C595D0CD-7E9B-4A58-B3CB-5ED48F0CC046}.Release|ARM.ActiveCfg = Release|Any CPU
		{C595D0CD-7E9B-4A58-B3CB-5ED48F0CC046}.Release|ARM.Build.0 = Release|Any CPU
		{C595D0CD-7E9B-4A58-B3CB-5ED48F0CC046}.Release|ARM64.ActiveCfg = Release|Any CPU
		{C595D0CD-7E9B-4A58-B3CB-5ED48F0CC046}.Release|ARM64.Build.0 = Release|Any CPU
		{C595D0CD-7E9B-4A58-B3CB-5ED48F0CC046}.Release|x64.ActiveCfg = Release|Any CPU
		{C595D0CD-7E9B-4A58-B3CB-5ED48F0CC046}.Release|x64.Build.0 = Release|Any CPU
		{C595D0CD-7E9B-4A58-B3CB-5ED48F0CC046}.Release|x86.ActiveCfg = Release|Any CPU
		{C595D0CD-7E9B-4A58-B3CB-5ED48F0CC046}.Release|x86.Build.0 = Release|Any CPU
	EndGlobalSection
	GlobalSection(SolutionProperties) = preSolution
		HideSolutionNode = FALSE
	EndGlobalSection
	GlobalSection(ExtensibilityGlobals) = postSolution
		SolutionGuid = {9019FAC7-6C9A-427D-8084-4DB454026258}
	EndGlobalSection
EndGlobal
